
Microsoft Visual Studio Solution File, Format Version 12.00
# Visual Studio Version 16
VisualStudioVersion = 16.0.30611.23
MinimumVisualStudioVersion = 10.0.40219.1
Project("{9A19103F-16F7-4668-BE54-9A1E7A4F7556}") = "Schedule.Data", "Schedule\Schedule.Data\Schedule.Data.csproj", "{8DE068B5-9201-434F-9177-8DA2A165258A}"
EndProject
Project("{9A19103F-16F7-4668-BE54-9A1E7A4F7556}") = "Schedule.Models", "Schedule\Schedule.Models\Schedule.Models.csproj", "{C93179D5-8C52-463E-B2EA-E5A183C9F543}"
EndProject
Project("{9A19103F-16F7-4668-BE54-9A1E7A4F7556}") = "Schedule.Repositories", "Schedule\Schedule.Repositories\Schedule.Repositories.csproj", "{34FE35CD-F545-4A80-BD9A-3DFFBF35E1B8}"
EndProject
Project("{9A19103F-16F7-4668-BE54-9A1E7A4F7556}") = "Schedule.ViewModels", "Schedule\Schedule.ViewModels\Schedule.ViewModels.csproj", "{0BEA4A71-E1CE-405B-9FA9-64ADB9693129}"
EndProject
Project("{9A19103F-16F7-4668-BE54-9A1E7A4F7556}") = "Schedule.Web", "Schedule\Schedule.Web\Schedule.Web.csproj", "{A82D0F93-21E4-450C-9DED-9E85492E18D1}"
EndProject
Project("{9A19103F-16F7-4668-BE54-9A1E7A4F7556}") = "Schedule.MainApi", "Schedule.MainApi\Schedule.MainApi.csproj", "{9D7052B8-97BD-4990-A691-D3A12338A00E}"
EndProject
Global
	GlobalSection(SolutionConfigurationPlatforms) = preSolution
		Debug|Any CPU = Debug|Any CPU
		Release|Any CPU = Release|Any CPU
	EndGlobalSection
	GlobalSection(ProjectConfigurationPlatforms) = postSolution
		{8DE068B5-9201-434F-9177-8DA2A165258A}.Debug|Any CPU.ActiveCfg = Debug|Any CPU
		{8DE068B5-9201-434F-9177-8DA2A165258A}.Debug|Any CPU.Build.0 = Debug|Any CPU
		{8DE068B5-9201-434F-9177-8DA2A165258A}.Release|Any CPU.ActiveCfg = Release|Any CPU
		{8DE068B5-9201-434F-9177-8DA2A165258A}.Release|Any CPU.Build.0 = Release|Any CPU
		{C93179D5-8C52-463E-B2EA-E5A183C9F543}.Debug|Any CPU.ActiveCfg = Debug|Any CPU
		{C93179D5-8C52-463E-B2EA-E5A183C9F543}.Debug|Any CPU.Build.0 = Debug|Any CPU
		{C93179D5-8C52-463E-B2EA-E5A183C9F543}.Release|Any CPU.ActiveCfg = Release|Any CPU
		{C93179D5-8C52-463E-B2EA-E5A183C9F543}.Release|Any CPU.Build.0 = Release|Any CPU
		{34FE35CD-F545-4A80-BD9A-3DFFBF35E1B8}.Debug|Any CPU.ActiveCfg = Debug|Any CPU
		{34FE35CD-F545-4A80-BD9A-3DFFBF35E1B8}.Debug|Any CPU.Build.0 = Debug|Any CPU
		{34FE35CD-F545-4A80-BD9A-3DFFBF35E1B8}.Release|Any CPU.ActiveCfg = Release|Any CPU
		{34FE35CD-F545-4A80-BD9A-3DFFBF35E1B8}.Release|Any CPU.Build.0 = Release|Any CPU
		{0BEA4A71-E1CE-405B-9FA9-64ADB9693129}.Debug|Any CPU.ActiveCfg = Debug|Any CPU
		{0BEA4A71-E1CE-405B-9FA9-64ADB9693129}.Debug|Any CPU.Build.0 = Debug|Any CPU
		{0BEA4A71-E1CE-405B-9FA9-64ADB9693129}.Release|Any CPU.ActiveCfg = Release|Any CPU
		{0BEA4A71-E1CE-405B-9FA9-64ADB9693129}.Release|Any CPU.Build.0 = Release|Any CPU
		{A82D0F93-21E4-450C-9DED-9E85492E18D1}.Debug|Any CPU.ActiveCfg = Debug|Any CPU
		{A82D0F93-21E4-450C-9DED-9E85492E18D1}.Debug|Any CPU.Build.0 = Debug|Any CPU
		{A82D0F93-21E4-450C-9DED-9E85492E18D1}.Release|Any CPU.ActiveCfg = Release|Any CPU
		{A82D0F93-21E4-450C-9DED-9E85492E18D1}.Release|Any CPU.Build.0 = Release|Any CPU
		{9D7052B8-97BD-4990-A691-D3A12338A00E}.Debug|Any CPU.ActiveCfg = Debug|Any CPU
		{9D7052B8-97BD-4990-A691-D3A12338A00E}.Debug|Any CPU.Build.0 = Debug|Any CPU
		{9D7052B8-97BD-4990-A691-D3A12338A00E}.Release|Any CPU.ActiveCfg = Release|Any CPU
		{9D7052B8-97BD-4990-A691-D3A12338A00E}.Release|Any CPU.Build.0 = Release|Any CPU
	EndGlobalSection
	GlobalSection(SolutionProperties) = preSolution
		HideSolutionNode = FALSE
	EndGlobalSection
	GlobalSection(ExtensibilityGlobals) = postSolution
		SolutionGuid = {162B6852-DCDB-4265-8F83-F79EAE23CCAA}
	EndGlobalSection
EndGlobal
